[root]
name = "groupchat"
version = "0.0.0"
dependencies = [
 "rstox 0.0.1 (git+https://github.com/suhr/rstox.git?branch=new-api)",
]

[[package]]
name = "libc"
version = "0.1.8"
source = "registry+https://github.com/rust-lang/crates.io-index"

[[package]]
name = "rstox"
version = "0.0.1"
source = "git+https://github.com/suhr/rstox.git?branch=new-api#ab645038ef387893ce670a1dd220deb294872425"
dependencies = [
 "libc 0.1.8 (registry+https://github.com/rust-lang/crates.io-index)",
]

